
Microsoft Visual Studio Solution File, Format Version 12.00
# Visual Studio Version 17
VisualStudioVersion = 17.9.34607.119
MinimumVisualStudioVersion = 10.0.40219.1
Project("{FAE04EC0-301F-11D3-BF4B-00C04F79EFBC}") = "SimpleGreeting", "SimpleGreeting\SimpleGreeting.csproj", "{F96CC5DE-690A-4B96-9DCC-272EC5BD2526}"
EndProject
Global
	GlobalSection(SolutionConfigurationPlatforms) = preSolution
		Debug|Any CPU = Debug|Any CPU
		Release|Any CPU = Release|Any CPU
	EndGlobalSection
	GlobalSection(ProjectConfigurationPlatforms) = postSolution
		{F96CC5DE-690A-4B96-9DCC-272EC5BD2526}.Debug|Any CPU.ActiveCfg = Debug|Any CPU
		{F96CC5DE-690A-4B96-9DCC-272EC5BD2526}.Debug|Any CPU.Build.0 = Debug|Any CPU
		{F96CC5DE-690A-4B96-9DCC-272EC5BD2526}.Release|Any CPU.ActiveCfg = Release|Any CPU
		{F96CC5DE-690A-4B96-9DCC-272EC5BD2526}.Release|Any CPU.Build.0 = Release|Any CPU
	EndGlobalSection
	GlobalSection(SolutionProperties) = preSolution
		HideSolutionNode = FALSE
	EndGlobalSection
	GlobalSection(ExtensibilityGlobals) = postSolution
		SolutionGuid = {AC2E3ADA-EC3C-4BA0-8223-3D42BCF63DD4}
	EndGlobalSection
EndGlobal
